
Microsoft Visual Studio Solution File, Format Version 12.00
# Visual Studio Version 17
VisualStudioVersion = 17.14.36518.9 d17.14
MinimumVisualStudioVersion = 10.0.40219.1
Project("{FAE04EC0-301F-11D3-BF4B-00C04F79EFBC}") = "iChoosr-home-assessment", "iChoosr-home-assessment\iChoosr-home-assessment.csproj", "{F4E1DD30-DBC9-4D00-AA7D-50592B7C3F12}"
EndProject
Global
	GlobalSection(SolutionConfigurationPlatforms) = preSolution
		Debug|Any CPU = Debug|Any CPU
		Release|Any CPU = Release|Any CPU
	EndGlobalSection
	GlobalSection(ProjectConfigurationPlatforms) = postSolution
		{F4E1DD30-DBC9-4D00-AA7D-50592B7C3F12}.Debug|Any CPU.ActiveCfg = Debug|Any CPU
		{F4E1DD30-DBC9-4D00-AA7D-50592B7C3F12}.Debug|Any CPU.Build.0 = Debug|Any CPU
		{F4E1DD30-DBC9-4D00-AA7D-50592B7C3F12}.Release|Any CPU.ActiveCfg = Release|Any CPU
		{F4E1DD30-DBC9-4D00-AA7D-50592B7C3F12}.Release|Any CPU.Build.0 = Release|Any CPU
	EndGlobalSection
	GlobalSection(SolutionProperties) = preSolution
		HideSolutionNode = FALSE
	EndGlobalSection
	GlobalSection(ExtensibilityGlobals) = postSolution
		SolutionGuid = {C64D8073-BE1B-4F4C-BC6E-0BD731CA957F}
	EndGlobalSection
EndGlobal
